
Microsoft Visual Studio Solution File, Format Version 12.00
# Visual Studio 15
Project("{FAE04EC0-301F-11D3-BF4B-00C04F79EFBC}") = "ProyectoEv1Road", "ProyectoEv1Road.csproj", "{EEC7F682-5283-BB82-A390-D239CC923397}"
EndProject
Global
	GlobalSection(SolutionConfigurationPlatforms) = preSolution
		Debug|Any CPU = Debug|Any CPU
		Release|Any CPU = Release|Any CPU
	EndGlobalSection
	GlobalSection(ProjectConfigurationPlatforms) = postSolution
		{EEC7F682-5283-BB82-A390-D239CC923397}.Debug|Any CPU.ActiveCfg = Debug|Any CPU
		{EEC7F682-5283-BB82-A390-D239CC923397}.Debug|Any CPU.Build.0 = Debug|Any CPU
		{EEC7F682-5283-BB82-A390-D239CC923397}.Release|Any CPU.ActiveCfg = Release|Any CPU
		{EEC7F682-5283-BB82-A390-D239CC923397}.Release|Any CPU.Build.0 = Release|Any CPU
	EndGlobalSection
	GlobalSection(SolutionProperties) = preSolution
		HideSolutionNode = FALSE
	EndGlobalSection
EndGlobal
